
Microsoft Visual Studio Solution File, Format Version 12.00
# Visual Studio Version 17
VisualStudioVersion = 17.4.33122.133
MinimumVisualStudioVersion = 10.0.40219.1
Project("{FAE04EC0-301F-11D3-BF4B-00C04F79EFBC}") = "AdactinHotelAppAutomationFramework", "AdactinHotelAppAutomationFramework.csproj", "{B0F9CC55-1809-451B-BF15-A4012B9CA8D5}"
EndProject
Global
	GlobalSection(SolutionConfigurationPlatforms) = preSolution
		Debug|Any CPU = Debug|Any CPU
		Release|Any CPU = Release|Any CPU
	EndGlobalSection
	GlobalSection(ProjectConfigurationPlatforms) = postSolution
		{B0F9CC55-1809-451B-BF15-A4012B9CA8D5}.Debug|Any CPU.ActiveCfg = Debug|Any CPU
		{B0F9CC55-1809-451B-BF15-A4012B9CA8D5}.Debug|Any CPU.Build.0 = Debug|Any CPU
		{B0F9CC55-1809-451B-BF15-A4012B9CA8D5}.Release|Any CPU.ActiveCfg = Release|Any CPU
		{B0F9CC55-1809-451B-BF15-A4012B9CA8D5}.Release|Any CPU.Build.0 = Release|Any CPU
	EndGlobalSection
	GlobalSection(SolutionProperties) = preSolution
		HideSolutionNode = FALSE
	EndGlobalSection
	GlobalSection(ExtensibilityGlobals) = postSolution
		SolutionGuid = {6970BB8B-BE08-404D-88C8-A2B265E48AF3}
	EndGlobalSection
EndGlobal
